
Microsoft Visual Studio Solution File, Format Version 12.00
# Visual Studio Version 16
VisualStudioVersion = 16.0.31702.278
MinimumVisualStudioVersion = 10.0.40219.1
Project("{FAE04EC0-301F-11D3-BF4B-00C04F79EFBC}") = "API", "API\API.csproj", "{97325D09-D30F-410D-A114-01F8402C26F2}"
EndProject
Global
	GlobalSection(SolutionConfigurationPlatforms) = preSolution
		Debug|Any CPU = Debug|Any CPU
		Release|Any CPU = Release|Any CPU
	EndGlobalSection
	GlobalSection(ProjectConfigurationPlatforms) = postSolution
		{97325D09-D30F-410D-A114-01F8402C26F2}.Debug|Any CPU.ActiveCfg = Debug|Any CPU
		{97325D09-D30F-410D-A114-01F8402C26F2}.Debug|Any CPU.Build.0 = Debug|Any CPU
		{97325D09-D30F-410D-A114-01F8402C26F2}.Release|Any CPU.ActiveCfg = Release|Any CPU
		{97325D09-D30F-410D-A114-01F8402C26F2}.Release|Any CPU.Build.0 = Release|Any CPU
	EndGlobalSection
	GlobalSection(SolutionProperties) = preSolution
		HideSolutionNode = FALSE
	EndGlobalSection
	GlobalSection(ExtensibilityGlobals) = postSolution
		SolutionGuid = {806F0957-5D56-4AEF-A454-4CB45791CB4F}
	EndGlobalSection
EndGlobal
